// !$*UTF8*$!
{
	archiveVersion = 1;
	classes = {
	};
	objectVersion = 46;
	objects = {

/* Begin PBXBuildFile section */
		02FC592113F5ABF1004B1F74 /* UIKit.framework in Frameworks */ = {isa = PBXBuildFile; fileRef = 02FC592013F5ABF0004B1F74 /* UIKit.framework */; };
		02FC592313F5ABF1004B1F74 /* Foundation.framework in Frameworks */ = {isa = PBXBuildFile; fileRef = 02FC592213F5ABF1004B1F74 /* Foundation.framework */; };
		02FC592513F5ABF1004B1F74 /* CoreGraphics.framework in Frameworks */ = {isa = PBXBuildFile; fileRef = 02FC592413F5ABF1004B1F74 /* CoreGraphics.framework */; };
		02FC592B13F5ABF1004B1F74 /* InfoPlist.strings in Resources */ = {isa = PBXBuildFile; fileRef = 02FC592913F5ABF1004B1F74 /* InfoPlist.strings */; };
		02FC592D13F5ABF1004B1F74 /* main.m in Sources */ = {isa = PBXBuildFile; fileRef = 02FC592C13F5ABF1004B1F74 /* main.m */; };
		02FC593113F5ABF1004B1F74 /* HelloWorldAppDelegate.m in Sources */ = {isa = PBXBuildFile; fileRef = 02FC593013F5ABF1004B1F74 /* HelloWorldAppDelegate.m */; };
		02FC593413F5ABF1004B1F74 /* MainWindow.xib in Resources */ = {isa = PBXBuildFile; fileRef = 02FC593213F5ABF1004B1F74 /* MainWindow.xib */; };
		02FC593713F5ABF1004B1F74 /* HelloWorldViewController.m in Sources */ = {isa = PBXBuildFile; fileRef = 02FC593613F5ABF1004B1F74 /* HelloWorldViewController.m */; };
		02FC593A13F5ABF1004B1F74 /* HelloWorldViewController.xib in Resources */ = {isa = PBXBuildFile; fileRef = 02FC593813F5ABF1004B1F74 /* HelloWorldViewController.xib */; };
/* End PBXBuildFile section */

/* Begin PBXFileReference section */
		02FC591C13F5ABF0004B1F74 /* HelloWorld.app */ = {isa = PBXFileReference; explicitFileType = wrapper.application; includeInIndex = 0; path = HelloWorld.app; sourceTree = BUILT_PRODUCTS_DIR; };
		02FC592013F5ABF0004B1F74 /* UIKit.framework */ = {isa = PBXFileReference; lastKnownFileType = wrapper.framework; name = UIKit.framework; path = System/Library/Frameworks/UIKit.framework; sourceTree = SDKROOT; };
		02FC592213F5ABF1004B1F74 /* Foundation.framework */ = {isa = PBXFileReference; lastKnownFileType = wrapper.framework; name = Foundation.framework; path = System/Library/Frameworks/Foundation.framework; sourceTree = SDKROOT; };
		02FC592413F5ABF1004B1F74 /* CoreGraphics.framework */ = {isa = PBXFileReference; lastKnownFileType = wrapper.framework; name = CoreGraphics.framework; path = System/Library/Frameworks/CoreGraphics.framework; sourceTree = SDKROOT; };
		02FC592813F5ABF1004B1F74 /* HelloWorld-Info.plist */ = {isa = PBXFileReference; lastKnownFileType = text.plist.xml; path = "HelloWorld-Info.plist"; sourceTree = "<group>"; };
		02FC592A13F5ABF1004B1F74 /* en */ = {isa = PBXFileReference; lastKnownFileType = text.plist.strings; name = en; path = en.lproj/InfoPlist.strings; sourceTree = "<group>"; };
		02FC592C13F5ABF1004B1F74 /* main.m */ = {isa = PBXFileReference; lastKnownFileType = sourcecode.c.objc; path = main.m; sourceTree = "<group>"; };
		02FC592E13F5ABF1004B1F74 /* HelloWorld-Prefix.pch */ = {isa = PBXFileReference; lastKnownFileType = sourcecode.c.h; path = "HelloWorld-Prefix.pch"; sourceTree = "<group>"; };
		02FC592F13F5ABF1004B1F74 /* HelloWorldAppDelegate.h */ = {isa = PBXFileReference; lastKnownFileType = sourcecode.c.h; path = HelloWorldAppDelegate.h; sourceTree = "<group>"; };
		02FC593013F5ABF1004B1F74 /* HelloWorldAppDelegate.m */ = {isa = PBXFileReference; lastKnownFileType = sourcecode.c.objc; path = HelloWorldAppDelegate.m; sourceTree = "<group>"; };
		02FC593313F5ABF1004B1F74 /* en */ = {isa = PBXFileReference; lastKnownFileType = file.xib; name = en; path = en.lproj/MainWindow.xib; sourceTree = "<group>"; };
		02FC593513F5ABF1004B1F74 /* HelloWorldViewController.h */ = {isa = PBXFileReference; lastKnownFileType = sourcecode.c.h; path = HelloWorldViewController.h; sourceTree = "<group>"; };
		02FC593613F5ABF1004B1F74 /* HelloWorldViewController.m */ = {isa = PBXFileReference; lastKnownFileType = sourcecode.c.objc; path = HelloWorldViewController.m; sourceTree = "<group>"; };
		02FC593913F5ABF1004B1F74 /* en */ = {isa = PBXFileReference; lastKnownFileType = file.xib; name = en; path = en.lproj/HelloWorldViewController.xib; sourceTree = "<group>"; };
/* End PBXFileReference section */

/* Begin PBXFrameworksBuildPhase section */
		02FC591913F5ABF0004B1F74 /* Frameworks */ = {
			isa = PBXFrameworksBuildPhase;
			buildActionMask = 2147483647;
			files = (
				02FC592113F5ABF1004B1F74 /* UIKit.framework in Frameworks */,
				02FC592313F5ABF1004B1F74 /* Foundation.framework in Frameworks */,
				02FC592513F5ABF1004B1F74 /* CoreGraphics.framework in Frameworks */,
			);
			runOnlyForDeploymentPostprocessing = 0;
		};
/* End PBXFrameworksBuildPhase section */

/* Begin PBXGroup section */
		02FC591113F5ABF0004B1F74 = {
			isa = PBXGroup;
			children = (
				02FC592613F5ABF1004B1F74 /* HelloWorld */,
				02FC591F13F5ABF0004B1F74 /* Frameworks */,
				02FC591D13F5ABF0004B1F74 /* Products */,
			);
			sourceTree = "<group>";
		};
		02FC591D13F5ABF0004B1F74 /* Products */ = {
			isa = PBXGroup;
			children = (
				02FC591C13F5ABF0004B1F74 /* HelloWorld.app */,
			);
			name = Products;
			sourceTree = "<group>";
		};
		02FC591F13F5ABF0004B1F74 /* Frameworks */ = {
			isa = PBXGroup;
			children = (
				02FC592013F5ABF0004B1F74 /* UIKit.framework */,
				02FC592213F5ABF1004B1F74 /* Foundation.framework */,
				02FC592413F5ABF1004B1F74 /* CoreGraphics.framework */,
			);
			name = Frameworks;
			sourceTree = "<group>";
		};
		02FC592613F5ABF1004B1F74 /* HelloWorld */ = {
			isa = PBXGroup;
			children = (
				02FC592F13F5ABF1004B1F74 /* HelloWorldAppDelegate.h */,
				02FC593013F5ABF1004B1F74 /* HelloWorldAppDelegate.m */,
				02FC593213F5ABF1004B1F74 /* MainWindow.xib */,
				02FC593513F5ABF1004B1F74 /* HelloWorldViewController.h */,
				02FC593613F5ABF1004B1F74 /* HelloWorldViewController.m */,
				02FC593813F5ABF1004B1F74 /* HelloWorldViewController.xib */,
				02FC592713F5ABF1004B1F74 /* Supporting Files */,
			);
			path = HelloWorld;
			sourceTree = "<group>";
		};
		02FC592713F5ABF1004B1F74 /* Supporting Files */ = {
			isa = PBXGroup;
			children = (
				02FC592813F5ABF1004B1F74 /* HelloWorld-Info.plist */,
				02FC592913F5ABF1004B1F74 /* InfoPlist.strings */,
				02FC592C13F5ABF1004B1F74 /* main.m */,
				02FC592E13F5ABF1004B1F74 /* HelloWorld-Prefix.pch */,
			);
			name = "Supporting Files";
			sourceTree = "<group>";
		};
/* End PBXGroup section */

/* Begin PBXNativeTarget section */
		02FC591B13F5ABF0004B1F74 /* HelloWorld */ = {
			isa = PBXNativeTarget;
			buildConfigurationList = 02FC593D13F5ABF1004B1F74 /* Build configuration list for PBXNativeTarget "HelloWorld" */;
			buildPhases = (
				02FC591813F5ABF0004B1F74 /* Sources */,
				02FC591913F5ABF0004B1F74 /* Frameworks */,
				02FC591A13F5ABF0004B1F74 /* Resources */,
			);
			buildRules = (
			);
			dependencies = (
			);
			name = HelloWorld;
			productName = HelloWorld;
			productReference = 02FC591C13F5ABF0004B1F74 /* HelloWorld.app */;
			productType = "com.apple.product-type.application";
		};
/* End PBXNativeTarget section */

/* Begin PBXProject section */
		02FC591313F5ABF0004B1F74 /* Project object */ = {
			isa = PBXProject;
			buildConfigurationList = 02FC591613F5ABF0004B1F74 /* Build configuration list for PBXProject "HelloWorld" */;
			compatibilityVersion = "Xcode 3.2";
			developmentRegion = English;
			hasScannedForEncodings = 0;
			knownRegions = (
				en,
			);
			mainGroup = 02FC591113F5ABF0004B1F74;
			productRefGroup = 02FC591D13F5ABF0004B1F74 /* Products */;
			projectDirPath = "";
			projectRoot = "";
			targets = (
				02FC591B13F5ABF0004B1F74 /* HelloWorld */,
			);
		};
/* End PBXProject section */

/* Begin PBXResourcesBuildPhase section */
		02FC591A13F5ABF0004B1F74 /* Resources */ = {
			isa = PBXResourcesBuildPhase;
			buildActionMask = 2147483647;
			files = (
				02FC592B13F5ABF1004B1F74 /* InfoPlist.strings in Resources */,
				02FC593413F5ABF1004B1F74 /* MainWindow.xib in Resources */,
				02FC593A13F5ABF1004B1F74 /* HelloWorldViewController.xib in Resources */,
			);
			runOnlyForDeploymentPostprocessing = 0;
		};
/* End PBXResourcesBuildPhase section */

/* Begin PBXSourcesBuildPhase section */
		02FC591813F5ABF0004B1F74 /* Sources */ = {
			isa = PBXSourcesBuildPhase;
			buildActionMask = 2147483647;
			files = (
				02FC592D13F5ABF1004B1F74 /* main.m in Sources */,
				02FC593113F5ABF1004B1F74 /* HelloWorldAppDelegate.m in Sources */,
				02FC593713F5ABF1004B1F74 /* HelloWorldViewController.m in Sources */,
			);
			runOnlyForDeploymentPostprocessing = 0;
		};
/* End PBXSourcesBuildPhase section */

/* Begin PBXVariantGroup section */
		02FC592913F5ABF1004B1F74 /* InfoPlist.strings */ = {
			isa = PBXVariantGroup;
			children = (
				02FC592A13F5ABF1004B1F74 /* en */,
			);
			name = InfoPlist.strings;
			sourceTree = "<group>";
		};
		02FC593213F5ABF1004B1F74 /* MainWindow.xib */ = {
			isa = PBXVariantGroup;
			children = (
				02FC593313F5ABF1004B1F74 /* en */,
			);
			name = MainWindow.xib;
			sourceTree = "<group>";
		};
		02FC593813F5ABF1004B1F74 /* HelloWorldViewController.xib */ = {
			isa = PBXVariantGroup;
			children = (
				02FC593913F5ABF1004B1F74 /* en */,
			);
			name = HelloWorldViewController.xib;
			sourceTree = "<group>";
		};
/* End PBXVariantGroup section */

/* Begin XCBuildConfiguration section */
		02FC593B13F5ABF1004B1F74 /* Debug */ = {
			isa = XCBuildConfiguration;
			buildSettings = {
				ALWAYS_SEARCH_USER_PATHS = NO;
				ARCHS = "$(ARCHS_STANDARD_32_BIT)";
				"CODE_SIGN_IDENTITY[sdk=iphoneos*]" = "iPhone Developer";
				COPY_PHASE_STRIP = NO;
				GCC_C_LANGUAGE_STANDARD = gnu99;
				GCC_DYNAMIC_NO_PIC = NO;
				GCC_OPTIMIZATION_LEVEL = 0;
				GCC_PREPROCESSOR_DEFINITIONS = (
					"DEBUG=1",
					"$(inherited)",
				);
				GCC_SYMBOLS_PRIVATE_EXTERN = NO;
				GCC_VERSION = com.apple.compilers.llvmgcc42;
				GCC_WARN_ABOUT_MISSING_PROTOTYPES = YES;
				GCC_WARN_ABOUT_RETURN_TYPE = YES;
				GCC_WARN_UNUSED_VARIABLE = YES;
				IPHONEOS_DEPLOYMENT_TARGET = 4.3;
				SDKROOT = iphoneos;
			};
			name = Debug;
		};
		02FC593C13F5ABF1004B1F74 /* Release */ = {
			isa = XCBuildConfiguration;
			buildSettings = {
				ALWAYS_SEARCH_USER_PATHS = NO;
				ARCHS = "$(ARCHS_STANDARD_32_BIT)";
				"CODE_SIGN_IDENTITY[sdk=iphoneos*]" = "iPhone Developer";
				COPY_PHASE_STRIP = YES;
				GCC_C_LANGUAGE_STANDARD = gnu99;
				GCC_VERSION = com.apple.compilers.llvmgcc42;
				GCC_WARN_ABOUT_MISSING_PROTOTYPES = YES;
				GCC_WARN_ABOUT_RETURN_TYPE = YES;
				GCC_WARN_UNUSED_VARIABLE = YES;
				IPHONEOS_DEPLOYMENT_TARGET = 4.3;
				OTHER_CFLAGS = "-DNS_BLOCK_ASSERTIONS=1";
				SDKROOT = iphoneos;
				VALIDATE_PRODUCT = YES;
			};
			name = Release;
		};
		02FC593E13F5ABF1004B1F74 /* Debug */ = {
			isa = XCBuildConfiguration;
			buildSettings = {
				GCC_PRECOMPILE_PREFIX_HEADER = YES;
				GCC_PREFIX_HEADER = "HelloWorld/HelloWorld-Prefix.pch";
				INFOPLIST_FILE = "HelloWorld/HelloWorld-Info.plist";
				PRODUCT_NAME = "$(TARGET_NAME)";
				WRAPPER_EXTENSION = app;
			};
			name = Debug;
		};
		02FC593F13F5ABF1004B1F74 /* Release */ = {
			isa = XCBuildConfiguration;
			buildSettings = {
				GCC_PRECOMPILE_PREFIX_HEADER = YES;
				GCC_PREFIX_HEADER = "HelloWorld/HelloWorld-Prefix.pch";
				INFOPLIST_FILE = "HelloWorld/HelloWorld-Info.plist";
				PRODUCT_NAME = "$(TARGET_NAME)";
				WRAPPER_EXTENSION = app;
			};
			name = Release;
		};
/* End XCBuildConfiguration section */

/* Begin XCConfigurationList section */
		02FC591613F5ABF0004B1F74 /* Build configuration list for PBXProject "HelloWorld" */ = {
			isa = XCConfigurationList;
			buildConfigurations = (
				02FC593B13F5ABF1004B1F74 /* Debug */,
				02FC593C13F5ABF1004B1F74 /* Release */,
			);
			defaultConfigurationIsVisible = 0;
			defaultConfigurationName = Release;
		};
		02FC593D13F5ABF1004B1F74 /* Build configuration list for PBXNativeTarget "HelloWorld" */ = {
			isa = XCConfigurationList;
			buildConfigurations = (
				02FC593E13F5ABF1004B1F74 /* Debug */,
				02FC593F13F5ABF1004B1F74 /* Release */,
			);
			defaultConfigurationIsVisible = 0;
		};
/* End XCConfigurationList section */
	};
	rootObject = 02FC591313F5ABF0004B1F74 /* Project object */;
}
