// !$*UTF8*$!
{
	archiveVersion = 1;
	classes = {
	};
	objectVersion = 46;
	objects = {

/* Begin PBXBuildFile section */
		023AF4031430DB8B005514AC /* UIKit.framework in Frameworks */ = {isa = PBXBuildFile; fileRef = 023AF4021430DB8B005514AC /* UIKit.framework */; };
		023AF4051430DB8B005514AC /* Foundation.framework in Frameworks */ = {isa = PBXBuildFile; fileRef = 023AF4041430DB8B005514AC /* Foundation.framework */; };
		023AF4071430DB8B005514AC /* CoreGraphics.framework in Frameworks */ = {isa = PBXBuildFile; fileRef = 023AF4061430DB8B005514AC /* CoreGraphics.framework */; };
		023AF40D1430DB8B005514AC /* InfoPlist.strings in Resources */ = {isa = PBXBuildFile; fileRef = 023AF40B1430DB8B005514AC /* InfoPlist.strings */; };
		023AF40F1430DB8B005514AC /* main.m in Sources */ = {isa = PBXBuildFile; fileRef = 023AF40E1430DB8B005514AC /* main.m */; };
		023AF4131430DB8B005514AC /* tablereorderAppDelegate.m in Sources */ = {isa = PBXBuildFile; fileRef = 023AF4121430DB8B005514AC /* tablereorderAppDelegate.m */; };
		023AF4161430DB8B005514AC /* MainWindow.xib in Resources */ = {isa = PBXBuildFile; fileRef = 023AF4141430DB8B005514AC /* MainWindow.xib */; };
		023AF4191430DB8B005514AC /* tablereorderViewController.m in Sources */ = {isa = PBXBuildFile; fileRef = 023AF4181430DB8B005514AC /* tablereorderViewController.m */; };
		023AF41C1430DB8B005514AC /* tablereorderViewController.xib in Resources */ = {isa = PBXBuildFile; fileRef = 023AF41A1430DB8B005514AC /* tablereorderViewController.xib */; };
/* End PBXBuildFile section */

/* Begin PBXFileReference section */
		023AF3FE1430DB8B005514AC /* tablereorder.app */ = {isa = PBXFileReference; explicitFileType = wrapper.application; includeInIndex = 0; path = tablereorder.app; sourceTree = BUILT_PRODUCTS_DIR; };
		023AF4021430DB8B005514AC /* UIKit.framework */ = {isa = PBXFileReference; lastKnownFileType = wrapper.framework; name = UIKit.framework; path = System/Library/Frameworks/UIKit.framework; sourceTree = SDKROOT; };
		023AF4041430DB8B005514AC /* Foundation.framework */ = {isa = PBXFileReference; lastKnownFileType = wrapper.framework; name = Foundation.framework; path = System/Library/Frameworks/Foundation.framework; sourceTree = SDKROOT; };
		023AF4061430DB8B005514AC /* CoreGraphics.framework */ = {isa = PBXFileReference; lastKnownFileType = wrapper.framework; name = CoreGraphics.framework; path = System/Library/Frameworks/CoreGraphics.framework; sourceTree = SDKROOT; };
		023AF40A1430DB8B005514AC /* tablereorder-Info.plist */ = {isa = PBXFileReference; lastKnownFileType = text.plist.xml; path = "tablereorder-Info.plist"; sourceTree = "<group>"; };
		023AF40C1430DB8B005514AC /* en */ = {isa = PBXFileReference; lastKnownFileType = text.plist.strings; name = en; path = en.lproj/InfoPlist.strings; sourceTree = "<group>"; };
		023AF40E1430DB8B005514AC /* main.m */ = {isa = PBXFileReference; lastKnownFileType = sourcecode.c.objc; path = main.m; sourceTree = "<group>"; };
		023AF4101430DB8B005514AC /* tablereorder-Prefix.pch */ = {isa = PBXFileReference; lastKnownFileType = sourcecode.c.h; path = "tablereorder-Prefix.pch"; sourceTree = "<group>"; };
		023AF4111430DB8B005514AC /* tablereorderAppDelegate.h */ = {isa = PBXFileReference; lastKnownFileType = sourcecode.c.h; path = tablereorderAppDelegate.h; sourceTree = "<group>"; };
		023AF4121430DB8B005514AC /* tablereorderAppDelegate.m */ = {isa = PBXFileReference; lastKnownFileType = sourcecode.c.objc; path = tablereorderAppDelegate.m; sourceTree = "<group>"; };
		023AF4151430DB8B005514AC /* en */ = {isa = PBXFileReference; lastKnownFileType = file.xib; name = en; path = en.lproj/MainWindow.xib; sourceTree = "<group>"; };
		023AF4171430DB8B005514AC /* tablereorderViewController.h */ = {isa = PBXFileReference; lastKnownFileType = sourcecode.c.h; path = tablereorderViewController.h; sourceTree = "<group>"; };
		023AF4181430DB8B005514AC /* tablereorderViewController.m */ = {isa = PBXFileReference; lastKnownFileType = sourcecode.c.objc; path = tablereorderViewController.m; sourceTree = "<group>"; };
		023AF41B1430DB8B005514AC /* en */ = {isa = PBXFileReference; lastKnownFileType = file.xib; name = en; path = en.lproj/tablereorderViewController.xib; sourceTree = "<group>"; };
/* End PBXFileReference section */

/* Begin PBXFrameworksBuildPhase section */
		023AF3FB1430DB8B005514AC /* Frameworks */ = {
			isa = PBXFrameworksBuildPhase;
			buildActionMask = 2147483647;
			files = (
				023AF4031430DB8B005514AC /* UIKit.framework in Frameworks */,
				023AF4051430DB8B005514AC /* Foundation.framework in Frameworks */,
				023AF4071430DB8B005514AC /* CoreGraphics.framework in Frameworks */,
			);
			runOnlyForDeploymentPostprocessing = 0;
		};
/* End PBXFrameworksBuildPhase section */

/* Begin PBXGroup section */
		023AF3F31430DB8B005514AC = {
			isa = PBXGroup;
			children = (
				023AF4081430DB8B005514AC /* tablereorder */,
				023AF4011430DB8B005514AC /* Frameworks */,
				023AF3FF1430DB8B005514AC /* Products */,
			);
			sourceTree = "<group>";
		};
		023AF3FF1430DB8B005514AC /* Products */ = {
			isa = PBXGroup;
			children = (
				023AF3FE1430DB8B005514AC /* tablereorder.app */,
			);
			name = Products;
			sourceTree = "<group>";
		};
		023AF4011430DB8B005514AC /* Frameworks */ = {
			isa = PBXGroup;
			children = (
				023AF4021430DB8B005514AC /* UIKit.framework */,
				023AF4041430DB8B005514AC /* Foundation.framework */,
				023AF4061430DB8B005514AC /* CoreGraphics.framework */,
			);
			name = Frameworks;
			sourceTree = "<group>";
		};
		023AF4081430DB8B005514AC /* tablereorder */ = {
			isa = PBXGroup;
			children = (
				023AF4111430DB8B005514AC /* tablereorderAppDelegate.h */,
				023AF4121430DB8B005514AC /* tablereorderAppDelegate.m */,
				023AF4141430DB8B005514AC /* MainWindow.xib */,
				023AF4171430DB8B005514AC /* tablereorderViewController.h */,
				023AF4181430DB8B005514AC /* tablereorderViewController.m */,
				023AF41A1430DB8B005514AC /* tablereorderViewController.xib */,
				023AF4091430DB8B005514AC /* Supporting Files */,
			);
			path = tablereorder;
			sourceTree = "<group>";
		};
		023AF4091430DB8B005514AC /* Supporting Files */ = {
			isa = PBXGroup;
			children = (
				023AF40A1430DB8B005514AC /* tablereorder-Info.plist */,
				023AF40B1430DB8B005514AC /* InfoPlist.strings */,
				023AF40E1430DB8B005514AC /* main.m */,
				023AF4101430DB8B005514AC /* tablereorder-Prefix.pch */,
			);
			name = "Supporting Files";
			sourceTree = "<group>";
		};
/* End PBXGroup section */

/* Begin PBXNativeTarget section */
		023AF3FD1430DB8B005514AC /* tablereorder */ = {
			isa = PBXNativeTarget;
			buildConfigurationList = 023AF41F1430DB8B005514AC /* Build configuration list for PBXNativeTarget "tablereorder" */;
			buildPhases = (
				023AF3FA1430DB8B005514AC /* Sources */,
				023AF3FB1430DB8B005514AC /* Frameworks */,
				023AF3FC1430DB8B005514AC /* Resources */,
			);
			buildRules = (
			);
			dependencies = (
			);
			name = tablereorder;
			productName = tablereorder;
			productReference = 023AF3FE1430DB8B005514AC /* tablereorder.app */;
			productType = "com.apple.product-type.application";
		};
/* End PBXNativeTarget section */

/* Begin PBXProject section */
		023AF3F51430DB8B005514AC /* Project object */ = {
			isa = PBXProject;
			buildConfigurationList = 023AF3F81430DB8B005514AC /* Build configuration list for PBXProject "tablereorder" */;
			compatibilityVersion = "Xcode 3.2";
			developmentRegion = English;
			hasScannedForEncodings = 0;
			knownRegions = (
				en,
			);
			mainGroup = 023AF3F31430DB8B005514AC;
			productRefGroup = 023AF3FF1430DB8B005514AC /* Products */;
			projectDirPath = "";
			projectRoot = "";
			targets = (
				023AF3FD1430DB8B005514AC /* tablereorder */,
			);
		};
/* End PBXProject section */

/* Begin PBXResourcesBuildPhase section */
		023AF3FC1430DB8B005514AC /* Resources */ = {
			isa = PBXResourcesBuildPhase;
			buildActionMask = 2147483647;
			files = (
				023AF40D1430DB8B005514AC /* InfoPlist.strings in Resources */,
				023AF4161430DB8B005514AC /* MainWindow.xib in Resources */,
				023AF41C1430DB8B005514AC /* tablereorderViewController.xib in Resources */,
			);
			runOnlyForDeploymentPostprocessing = 0;
		};
/* End PBXResourcesBuildPhase section */

/* Begin PBXSourcesBuildPhase section */
		023AF3FA1430DB8B005514AC /* Sources */ = {
			isa = PBXSourcesBuildPhase;
			buildActionMask = 2147483647;
			files = (
				023AF40F1430DB8B005514AC /* main.m in Sources */,
				023AF4131430DB8B005514AC /* tablereorderAppDelegate.m in Sources */,
				023AF4191430DB8B005514AC /* tablereorderViewController.m in Sources */,
			);
			runOnlyForDeploymentPostprocessing = 0;
		};
/* End PBXSourcesBuildPhase section */

/* Begin PBXVariantGroup section */
		023AF40B1430DB8B005514AC /* InfoPlist.strings */ = {
			isa = PBXVariantGroup;
			children = (
				023AF40C1430DB8B005514AC /* en */,
			);
			name = InfoPlist.strings;
			sourceTree = "<group>";
		};
		023AF4141430DB8B005514AC /* MainWindow.xib */ = {
			isa = PBXVariantGroup;
			children = (
				023AF4151430DB8B005514AC /* en */,
			);
			name = MainWindow.xib;
			sourceTree = "<group>";
		};
		023AF41A1430DB8B005514AC /* tablereorderViewController.xib */ = {
			isa = PBXVariantGroup;
			children = (
				023AF41B1430DB8B005514AC /* en */,
			);
			name = tablereorderViewController.xib;
			sourceTree = "<group>";
		};
/* End PBXVariantGroup section */

/* Begin XCBuildConfiguration section */
		023AF41D1430DB8B005514AC /* Debug */ = {
			isa = XCBuildConfiguration;
			buildSettings = {
				ALWAYS_SEARCH_USER_PATHS = NO;
				ARCHS = "$(ARCHS_STANDARD_32_BIT)";
				"CODE_SIGN_IDENTITY[sdk=iphoneos*]" = "iPhone Developer";
				COPY_PHASE_STRIP = NO;
				GCC_C_LANGUAGE_STANDARD = gnu99;
				GCC_DYNAMIC_NO_PIC = NO;
				GCC_OPTIMIZATION_LEVEL = 0;
				GCC_PREPROCESSOR_DEFINITIONS = (
					"DEBUG=1",
					"$(inherited)",
				);
				GCC_SYMBOLS_PRIVATE_EXTERN = NO;
				GCC_VERSION = com.apple.compilers.llvmgcc42;
				GCC_WARN_ABOUT_MISSING_PROTOTYPES = YES;
				GCC_WARN_ABOUT_RETURN_TYPE = YES;
				GCC_WARN_UNUSED_VARIABLE = YES;
				IPHONEOS_DEPLOYMENT_TARGET = 4.3;
				SDKROOT = iphoneos;
			};
			name = Debug;
		};
		023AF41E1430DB8B005514AC /* Release */ = {
			isa = XCBuildConfiguration;
			buildSettings = {
				ALWAYS_SEARCH_USER_PATHS = NO;
				ARCHS = "$(ARCHS_STANDARD_32_BIT)";
				"CODE_SIGN_IDENTITY[sdk=iphoneos*]" = "iPhone Developer";
				COPY_PHASE_STRIP = YES;
				GCC_C_LANGUAGE_STANDARD = gnu99;
				GCC_VERSION = com.apple.compilers.llvmgcc42;
				GCC_WARN_ABOUT_MISSING_PROTOTYPES = YES;
				GCC_WARN_ABOUT_RETURN_TYPE = YES;
				GCC_WARN_UNUSED_VARIABLE = YES;
				IPHONEOS_DEPLOYMENT_TARGET = 4.3;
				OTHER_CFLAGS = "-DNS_BLOCK_ASSERTIONS=1";
				SDKROOT = iphoneos;
				VALIDATE_PRODUCT = YES;
			};
			name = Release;
		};
		023AF4201430DB8B005514AC /* Debug */ = {
			isa = XCBuildConfiguration;
			buildSettings = {
				GCC_PRECOMPILE_PREFIX_HEADER = YES;
				GCC_PREFIX_HEADER = "tablereorder/tablereorder-Prefix.pch";
				INFOPLIST_FILE = "tablereorder/tablereorder-Info.plist";
				PRODUCT_NAME = "$(TARGET_NAME)";
				WRAPPER_EXTENSION = app;
			};
			name = Debug;
		};
		023AF4211430DB8B005514AC /* Release */ = {
			isa = XCBuildConfiguration;
			buildSettings = {
				GCC_PRECOMPILE_PREFIX_HEADER = YES;
				GCC_PREFIX_HEADER = "tablereorder/tablereorder-Prefix.pch";
				INFOPLIST_FILE = "tablereorder/tablereorder-Info.plist";
				PRODUCT_NAME = "$(TARGET_NAME)";
				WRAPPER_EXTENSION = app;
			};
			name = Release;
		};
/* End XCBuildConfiguration section */

/* Begin XCConfigurationList section */
		023AF3F81430DB8B005514AC /* Build configuration list for PBXProject "tablereorder" */ = {
			isa = XCConfigurationList;
			buildConfigurations = (
				023AF41D1430DB8B005514AC /* Debug */,
				023AF41E1430DB8B005514AC /* Release */,
			);
			defaultConfigurationIsVisible = 0;
			defaultConfigurationName = Release;
		};
		023AF41F1430DB8B005514AC /* Build configuration list for PBXNativeTarget "tablereorder" */ = {
			isa = XCConfigurationList;
			buildConfigurations = (
				023AF4201430DB8B005514AC /* Debug */,
				023AF4211430DB8B005514AC /* Release */,
			);
			defaultConfigurationIsVisible = 0;
		};
/* End XCConfigurationList section */
	};
	rootObject = 023AF3F51430DB8B005514AC /* Project object */;
}
