// !$*UTF8*$!
{
	archiveVersion = 1;
	classes = {
	};
	objectVersion = 46;
	objects = {

/* Begin PBXBuildFile section */
		025BC599144DE953008BDEF0 /* UIKit.framework in Frameworks */ = {isa = PBXBuildFile; fileRef = 025BC598144DE953008BDEF0 /* UIKit.framework */; };
		025BC59B144DE953008BDEF0 /* Foundation.framework in Frameworks */ = {isa = PBXBuildFile; fileRef = 025BC59A144DE953008BDEF0 /* Foundation.framework */; };
		025BC59D144DE953008BDEF0 /* CoreGraphics.framework in Frameworks */ = {isa = PBXBuildFile; fileRef = 025BC59C144DE953008BDEF0 /* CoreGraphics.framework */; };
		025BC5A3144DE953008BDEF0 /* InfoPlist.strings in Resources */ = {isa = PBXBuildFile; fileRef = 025BC5A1144DE953008BDEF0 /* InfoPlist.strings */; };
		025BC5A5144DE953008BDEF0 /* main.m in Sources */ = {isa = PBXBuildFile; fileRef = 025BC5A4144DE953008BDEF0 /* main.m */; };
		025BC5A9144DE953008BDEF0 /* AppDelegate.m in Sources */ = {isa = PBXBuildFile; fileRef = 025BC5A8144DE953008BDEF0 /* AppDelegate.m */; };
		025BC5AC144DE953008BDEF0 /* MasterViewController.m in Sources */ = {isa = PBXBuildFile; fileRef = 025BC5AB144DE953008BDEF0 /* MasterViewController.m */; };
		025BC5AF144DE953008BDEF0 /* DetailViewController.m in Sources */ = {isa = PBXBuildFile; fileRef = 025BC5AE144DE953008BDEF0 /* DetailViewController.m */; };
		025BC5B2144DE953008BDEF0 /* MasterViewController_iPhone.xib in Resources */ = {isa = PBXBuildFile; fileRef = 025BC5B0144DE953008BDEF0 /* MasterViewController_iPhone.xib */; };
		025BC5B5144DE953008BDEF0 /* MasterViewController_iPad.xib in Resources */ = {isa = PBXBuildFile; fileRef = 025BC5B3144DE953008BDEF0 /* MasterViewController_iPad.xib */; };
		025BC5B8144DE953008BDEF0 /* DetailViewController_iPhone.xib in Resources */ = {isa = PBXBuildFile; fileRef = 025BC5B6144DE953008BDEF0 /* DetailViewController_iPhone.xib */; };
		025BC5BB144DE953008BDEF0 /* DetailViewController_iPad.xib in Resources */ = {isa = PBXBuildFile; fileRef = 025BC5B9144DE953008BDEF0 /* DetailViewController_iPad.xib */; };
/* End PBXBuildFile section */

/* Begin PBXFileReference section */
		025BC594144DE953008BDEF0 /* newipadapp.app */ = {isa = PBXFileReference; explicitFileType = wrapper.application; includeInIndex = 0; path = newipadapp.app; sourceTree = BUILT_PRODUCTS_DIR; };
		025BC598144DE953008BDEF0 /* UIKit.framework */ = {isa = PBXFileReference; lastKnownFileType = wrapper.framework; name = UIKit.framework; path = System/Library/Frameworks/UIKit.framework; sourceTree = SDKROOT; };
		025BC59A144DE953008BDEF0 /* Foundation.framework */ = {isa = PBXFileReference; lastKnownFileType = wrapper.framework; name = Foundation.framework; path = System/Library/Frameworks/Foundation.framework; sourceTree = SDKROOT; };
		025BC59C144DE953008BDEF0 /* CoreGraphics.framework */ = {isa = PBXFileReference; lastKnownFileType = wrapper.framework; name = CoreGraphics.framework; path = System/Library/Frameworks/CoreGraphics.framework; sourceTree = SDKROOT; };
		025BC5A0144DE953008BDEF0 /* newipadapp-Info.plist */ = {isa = PBXFileReference; lastKnownFileType = text.plist.xml; path = "newipadapp-Info.plist"; sourceTree = "<group>"; };
		025BC5A2144DE953008BDEF0 /* en */ = {isa = PBXFileReference; lastKnownFileType = text.plist.strings; name = en; path = en.lproj/InfoPlist.strings; sourceTree = "<group>"; };
		025BC5A4144DE953008BDEF0 /* main.m */ = {isa = PBXFileReference; lastKnownFileType = sourcecode.c.objc; path = main.m; sourceTree = "<group>"; };
		025BC5A6144DE953008BDEF0 /* newipadapp-Prefix.pch */ = {isa = PBXFileReference; lastKnownFileType = sourcecode.c.h; path = "newipadapp-Prefix.pch"; sourceTree = "<group>"; };
		025BC5A7144DE953008BDEF0 /* AppDelegate.h */ = {isa = PBXFileReference; lastKnownFileType = sourcecode.c.h; path = AppDelegate.h; sourceTree = "<group>"; };
		025BC5A8144DE953008BDEF0 /* AppDelegate.m */ = {isa = PBXFileReference; lastKnownFileType = sourcecode.c.objc; path = AppDelegate.m; sourceTree = "<group>"; };
		025BC5AA144DE953008BDEF0 /* MasterViewController.h */ = {isa = PBXFileReference; lastKnownFileType = sourcecode.c.h; path = MasterViewController.h; sourceTree = "<group>"; };
		025BC5AB144DE953008BDEF0 /* MasterViewController.m */ = {isa = PBXFileReference; lastKnownFileType = sourcecode.c.objc; path = MasterViewController.m; sourceTree = "<group>"; };
		025BC5AD144DE953008BDEF0 /* DetailViewController.h */ = {isa = PBXFileReference; lastKnownFileType = sourcecode.c.h; path = DetailViewController.h; sourceTree = "<group>"; };
		025BC5AE144DE953008BDEF0 /* DetailViewController.m */ = {isa = PBXFileReference; lastKnownFileType = sourcecode.c.objc; path = DetailViewController.m; sourceTree = "<group>"; };
		025BC5B1144DE953008BDEF0 /* en */ = {isa = PBXFileReference; lastKnownFileType = file.xib; name = en; path = en.lproj/MasterViewController_iPhone.xib; sourceTree = "<group>"; };
		025BC5B4144DE953008BDEF0 /* en */ = {isa = PBXFileReference; lastKnownFileType = file.xib; name = en; path = en.lproj/MasterViewController_iPad.xib; sourceTree = "<group>"; };
		025BC5B7144DE953008BDEF0 /* en */ = {isa = PBXFileReference; lastKnownFileType = file.xib; name = en; path = en.lproj/DetailViewController_iPhone.xib; sourceTree = "<group>"; };
		025BC5BA144DE953008BDEF0 /* en */ = {isa = PBXFileReference; lastKnownFileType = file.xib; name = en; path = en.lproj/DetailViewController_iPad.xib; sourceTree = "<group>"; };
/* End PBXFileReference section */

/* Begin PBXFrameworksBuildPhase section */
		025BC591144DE953008BDEF0 /* Frameworks */ = {
			isa = PBXFrameworksBuildPhase;
			buildActionMask = 2147483647;
			files = (
				025BC599144DE953008BDEF0 /* UIKit.framework in Frameworks */,
				025BC59B144DE953008BDEF0 /* Foundation.framework in Frameworks */,
				025BC59D144DE953008BDEF0 /* CoreGraphics.framework in Frameworks */,
			);
			runOnlyForDeploymentPostprocessing = 0;
		};
/* End PBXFrameworksBuildPhase section */

/* Begin PBXGroup section */
		025BC589144DE952008BDEF0 = {
			isa = PBXGroup;
			children = (
				025BC59E144DE953008BDEF0 /* newipadapp */,
				025BC597144DE953008BDEF0 /* Frameworks */,
				025BC595144DE953008BDEF0 /* Products */,
			);
			sourceTree = "<group>";
		};
		025BC595144DE953008BDEF0 /* Products */ = {
			isa = PBXGroup;
			children = (
				025BC594144DE953008BDEF0 /* newipadapp.app */,
			);
			name = Products;
			sourceTree = "<group>";
		};
		025BC597144DE953008BDEF0 /* Frameworks */ = {
			isa = PBXGroup;
			children = (
				025BC598144DE953008BDEF0 /* UIKit.framework */,
				025BC59A144DE953008BDEF0 /* Foundation.framework */,
				025BC59C144DE953008BDEF0 /* CoreGraphics.framework */,
			);
			name = Frameworks;
			sourceTree = "<group>";
		};
		025BC59E144DE953008BDEF0 /* newipadapp */ = {
			isa = PBXGroup;
			children = (
				025BC5A7144DE953008BDEF0 /* AppDelegate.h */,
				025BC5A8144DE953008BDEF0 /* AppDelegate.m */,
				025BC5AA144DE953008BDEF0 /* MasterViewController.h */,
				025BC5AB144DE953008BDEF0 /* MasterViewController.m */,
				025BC5AD144DE953008BDEF0 /* DetailViewController.h */,
				025BC5AE144DE953008BDEF0 /* DetailViewController.m */,
				025BC5B0144DE953008BDEF0 /* MasterViewController_iPhone.xib */,
				025BC5B3144DE953008BDEF0 /* MasterViewController_iPad.xib */,
				025BC5B6144DE953008BDEF0 /* DetailViewController_iPhone.xib */,
				025BC5B9144DE953008BDEF0 /* DetailViewController_iPad.xib */,
				025BC59F144DE953008BDEF0 /* Supporting Files */,
			);
			path = newipadapp;
			sourceTree = "<group>";
		};
		025BC59F144DE953008BDEF0 /* Supporting Files */ = {
			isa = PBXGroup;
			children = (
				025BC5A0144DE953008BDEF0 /* newipadapp-Info.plist */,
				025BC5A1144DE953008BDEF0 /* InfoPlist.strings */,
				025BC5A4144DE953008BDEF0 /* main.m */,
				025BC5A6144DE953008BDEF0 /* newipadapp-Prefix.pch */,
			);
			name = "Supporting Files";
			sourceTree = "<group>";
		};
/* End PBXGroup section */

/* Begin PBXNativeTarget section */
		025BC593144DE953008BDEF0 /* newipadapp */ = {
			isa = PBXNativeTarget;
			buildConfigurationList = 025BC5BE144DE953008BDEF0 /* Build configuration list for PBXNativeTarget "newipadapp" */;
			buildPhases = (
				025BC590144DE953008BDEF0 /* Sources */,
				025BC591144DE953008BDEF0 /* Frameworks */,
				025BC592144DE953008BDEF0 /* Resources */,
			);
			buildRules = (
			);
			dependencies = (
			);
			name = newipadapp;
			productName = newipadapp;
			productReference = 025BC594144DE953008BDEF0 /* newipadapp.app */;
			productType = "com.apple.product-type.application";
		};
/* End PBXNativeTarget section */

/* Begin PBXProject section */
		025BC58B144DE952008BDEF0 /* Project object */ = {
			isa = PBXProject;
			attributes = {
				LastUpgradeCheck = 0420;
			};
			buildConfigurationList = 025BC58E144DE952008BDEF0 /* Build configuration list for PBXProject "newipadapp" */;
			compatibilityVersion = "Xcode 3.2";
			developmentRegion = English;
			hasScannedForEncodings = 0;
			knownRegions = (
				en,
			);
			mainGroup = 025BC589144DE952008BDEF0;
			productRefGroup = 025BC595144DE953008BDEF0 /* Products */;
			projectDirPath = "";
			projectRoot = "";
			targets = (
				025BC593144DE953008BDEF0 /* newipadapp */,
			);
		};
/* End PBXProject section */

/* Begin PBXResourcesBuildPhase section */
		025BC592144DE953008BDEF0 /* Resources */ = {
			isa = PBXResourcesBuildPhase;
			buildActionMask = 2147483647;
			files = (
				025BC5A3144DE953008BDEF0 /* InfoPlist.strings in Resources */,
				025BC5B2144DE953008BDEF0 /* MasterViewController_iPhone.xib in Resources */,
				025BC5B5144DE953008BDEF0 /* MasterViewController_iPad.xib in Resources */,
				025BC5B8144DE953008BDEF0 /* DetailViewController_iPhone.xib in Resources */,
				025BC5BB144DE953008BDEF0 /* DetailViewController_iPad.xib in Resources */,
			);
			runOnlyForDeploymentPostprocessing = 0;
		};
/* End PBXResourcesBuildPhase section */

/* Begin PBXSourcesBuildPhase section */
		025BC590144DE953008BDEF0 /* Sources */ = {
			isa = PBXSourcesBuildPhase;
			buildActionMask = 2147483647;
			files = (
				025BC5A5144DE953008BDEF0 /* main.m in Sources */,
				025BC5A9144DE953008BDEF0 /* AppDelegate.m in Sources */,
				025BC5AC144DE953008BDEF0 /* MasterViewController.m in Sources */,
				025BC5AF144DE953008BDEF0 /* DetailViewController.m in Sources */,
			);
			runOnlyForDeploymentPostprocessing = 0;
		};
/* End PBXSourcesBuildPhase section */

/* Begin PBXVariantGroup section */
		025BC5A1144DE953008BDEF0 /* InfoPlist.strings */ = {
			isa = PBXVariantGroup;
			children = (
				025BC5A2144DE953008BDEF0 /* en */,
			);
			name = InfoPlist.strings;
			sourceTree = "<group>";
		};
		025BC5B0144DE953008BDEF0 /* MasterViewController_iPhone.xib */ = {
			isa = PBXVariantGroup;
			children = (
				025BC5B1144DE953008BDEF0 /* en */,
			);
			name = MasterViewController_iPhone.xib;
			sourceTree = "<group>";
		};
		025BC5B3144DE953008BDEF0 /* MasterViewController_iPad.xib */ = {
			isa = PBXVariantGroup;
			children = (
				025BC5B4144DE953008BDEF0 /* en */,
			);
			name = MasterViewController_iPad.xib;
			sourceTree = "<group>";
		};
		025BC5B6144DE953008BDEF0 /* DetailViewController_iPhone.xib */ = {
			isa = PBXVariantGroup;
			children = (
				025BC5B7144DE953008BDEF0 /* en */,
			);
			name = DetailViewController_iPhone.xib;
			sourceTree = "<group>";
		};
		025BC5B9144DE953008BDEF0 /* DetailViewController_iPad.xib */ = {
			isa = PBXVariantGroup;
			children = (
				025BC5BA144DE953008BDEF0 /* en */,
			);
			name = DetailViewController_iPad.xib;
			sourceTree = "<group>";
		};
/* End PBXVariantGroup section */

/* Begin XCBuildConfiguration section */
		025BC5BC144DE953008BDEF0 /* Debug */ = {
			isa = XCBuildConfiguration;
			buildSettings = {
				ALWAYS_SEARCH_USER_PATHS = NO;
				ARCHS = "$(ARCHS_STANDARD_32_BIT)";
				"CODE_SIGN_IDENTITY[sdk=iphoneos*]" = "iPhone Developer";
				COPY_PHASE_STRIP = NO;
				GCC_C_LANGUAGE_STANDARD = gnu99;
				GCC_DYNAMIC_NO_PIC = NO;
				GCC_OPTIMIZATION_LEVEL = 0;
				GCC_PREPROCESSOR_DEFINITIONS = (
					"DEBUG=1",
					"$(inherited)",
				);
				GCC_SYMBOLS_PRIVATE_EXTERN = NO;
				GCC_VERSION = com.apple.compilers.llvm.clang.1_0;
				GCC_WARN_ABOUT_MISSING_PROTOTYPES = YES;
				GCC_WARN_ABOUT_RETURN_TYPE = YES;
				GCC_WARN_UNUSED_VARIABLE = YES;
				IPHONEOS_DEPLOYMENT_TARGET = 5.0;
				SDKROOT = iphoneos;
				TARGETED_DEVICE_FAMILY = "1,2";
			};
			name = Debug;
		};
		025BC5BD144DE953008BDEF0 /* Release */ = {
			isa = XCBuildConfiguration;
			buildSettings = {
				ALWAYS_SEARCH_USER_PATHS = NO;
				ARCHS = "$(ARCHS_STANDARD_32_BIT)";
				"CODE_SIGN_IDENTITY[sdk=iphoneos*]" = "iPhone Developer";
				COPY_PHASE_STRIP = YES;
				GCC_C_LANGUAGE_STANDARD = gnu99;
				GCC_VERSION = com.apple.compilers.llvm.clang.1_0;
				GCC_WARN_ABOUT_MISSING_PROTOTYPES = YES;
				GCC_WARN_ABOUT_RETURN_TYPE = YES;
				GCC_WARN_UNUSED_VARIABLE = YES;
				IPHONEOS_DEPLOYMENT_TARGET = 5.0;
				OTHER_CFLAGS = "-DNS_BLOCK_ASSERTIONS=1";
				SDKROOT = iphoneos;
				TARGETED_DEVICE_FAMILY = "1,2";
				VALIDATE_PRODUCT = YES;
			};
			name = Release;
		};
		025BC5BF144DE953008BDEF0 /* Debug */ = {
			isa = XCBuildConfiguration;
			buildSettings = {
				GCC_PRECOMPILE_PREFIX_HEADER = YES;
				GCC_PREFIX_HEADER = "newipadapp/newipadapp-Prefix.pch";
				INFOPLIST_FILE = "newipadapp/newipadapp-Info.plist";
				PRODUCT_NAME = "$(TARGET_NAME)";
				WRAPPER_EXTENSION = app;
			};
			name = Debug;
		};
		025BC5C0144DE953008BDEF0 /* Release */ = {
			isa = XCBuildConfiguration;
			buildSettings = {
				GCC_PRECOMPILE_PREFIX_HEADER = YES;
				GCC_PREFIX_HEADER = "newipadapp/newipadapp-Prefix.pch";
				INFOPLIST_FILE = "newipadapp/newipadapp-Info.plist";
				PRODUCT_NAME = "$(TARGET_NAME)";
				WRAPPER_EXTENSION = app;
			};
			name = Release;
		};
/* End XCBuildConfiguration section */

/* Begin XCConfigurationList section */
		025BC58E144DE952008BDEF0 /* Build configuration list for PBXProject "newipadapp" */ = {
			isa = XCConfigurationList;
			buildConfigurations = (
				025BC5BC144DE953008BDEF0 /* Debug */,
				025BC5BD144DE953008BDEF0 /* Release */,
			);
			defaultConfigurationIsVisible = 0;
			defaultConfigurationName = Release;
		};
		025BC5BE144DE953008BDEF0 /* Build configuration list for PBXNativeTarget "newipadapp" */ = {
			isa = XCConfigurationList;
			buildConfigurations = (
				025BC5BF144DE953008BDEF0 /* Debug */,
				025BC5C0144DE953008BDEF0 /* Release */,
			);
			defaultConfigurationIsVisible = 0;
		};
/* End XCConfigurationList section */
	};
	rootObject = 025BC58B144DE952008BDEF0 /* Project object */;
}
